
Microsoft Visual Studio Solution File, Format Version 12.00
# Visual Studio Version 16
VisualStudioVersion = 16.0.31313.79
MinimumVisualStudioVersion = 10.0.40219.1
Project("{FAE04EC0-301F-11D3-BF4B-00C04F79EFBC}") = "HRManager", "HRManager\HRManager.csproj", "{395636CC-D852-4540-857A-7BAD36D4F892}"
EndProject
Global
	GlobalSection(SolutionConfigurationPlatforms) = preSolution
		Debug|Any CPU = Debug|Any CPU
		Release|Any CPU = Release|Any CPU
	EndGlobalSection
	GlobalSection(ProjectConfigurationPlatforms) = postSolution
		{395636CC-D852-4540-857A-7BAD36D4F892}.Debug|Any CPU.ActiveCfg = Debug|Any CPU
		{395636CC-D852-4540-857A-7BAD36D4F892}.Debug|Any CPU.Build.0 = Debug|Any CPU
		{395636CC-D852-4540-857A-7BAD36D4F892}.Release|Any CPU.ActiveCfg = Release|Any CPU
		{395636CC-D852-4540-857A-7BAD36D4F892}.Release|Any CPU.Build.0 = Release|Any CPU
	EndGlobalSection
	GlobalSection(SolutionProperties) = preSolution
		HideSolutionNode = FALSE
	EndGlobalSection
	GlobalSection(ExtensibilityGlobals) = postSolution
		SolutionGuid = {F797C9E5-452E-4E3C-AA76-1E82FD8A252B}
	EndGlobalSection
EndGlobal
